
Microsoft Visual Studio Solution File, Format Version 12.00
# Visual Studio Version 17
VisualStudioVersion = 17.9.34607.119
MinimumVisualStudioVersion = 10.0.40219.1
Project("{FAE04EC0-301F-11D3-BF4B-00C04F79EFBC}") = "CSharpLaba10", "CSharpLaba10\CSharpLaba10.csproj", "{37799C5F-0B80-4A1B-BF1A-E1738467FAE7}"
EndProject
Global
	GlobalSection(SolutionConfigurationPlatforms) = preSolution
		Debug|Any CPU = Debug|Any CPU
		Release|Any CPU = Release|Any CPU
	EndGlobalSection
	GlobalSection(ProjectConfigurationPlatforms) = postSolution
		{37799C5F-0B80-4A1B-BF1A-E1738467FAE7}.Debug|Any CPU.ActiveCfg = Debug|Any CPU
		{37799C5F-0B80-4A1B-BF1A-E1738467FAE7}.Debug|Any CPU.Build.0 = Debug|Any CPU
		{37799C5F-0B80-4A1B-BF1A-E1738467FAE7}.Release|Any CPU.ActiveCfg = Release|Any CPU
		{37799C5F-0B80-4A1B-BF1A-E1738467FAE7}.Release|Any CPU.Build.0 = Release|Any CPU
	EndGlobalSection
	GlobalSection(SolutionProperties) = preSolution
		HideSolutionNode = FALSE
	EndGlobalSection
	GlobalSection(ExtensibilityGlobals) = postSolution
		SolutionGuid = {56477BAA-F5B6-4418-B2F6-7164EB41EE7F}
	EndGlobalSection
EndGlobal
